
Microsoft Visual Studio Solution File, Format Version 12.00
# Visual Studio 15
VisualStudioVersion = 15.0.27703.2035
MinimumVisualStudioVersion = 10.0.40219.1
Project("{9A19103F-16F7-4668-BE54-9A1E7A4F7556}") = "bookstore", "bookstore\bookstore.csproj", "{EE8AB5AA-72C0-4B48-AAF0-56F26C0462D2}"
EndProject
Global
	GlobalSection(SolutionConfigurationPlatforms) = preSolution
		Debug|Any CPU = Debug|Any CPU
		Release|Any CPU = Release|Any CPU
	EndGlobalSection
	GlobalSection(ProjectConfigurationPlatforms) = postSolution
		{EE8AB5AA-72C0-4B48-AAF0-56F26C0462D2}.Debug|Any CPU.ActiveCfg = Debug|Any CPU
		{EE8AB5AA-72C0-4B48-AAF0-56F26C0462D2}.Debug|Any CPU.Build.0 = Debug|Any CPU
		{EE8AB5AA-72C0-4B48-AAF0-56F26C0462D2}.Release|Any CPU.ActiveCfg = Release|Any CPU
		{EE8AB5AA-72C0-4B48-AAF0-56F26C0462D2}.Release|Any CPU.Build.0 = Release|Any CPU
	EndGlobalSection
	GlobalSection(SolutionProperties) = preSolution
		HideSolutionNode = FALSE
	EndGlobalSection
	GlobalSection(ExtensibilityGlobals) = postSolution
		SolutionGuid = {687F9C04-BEE1-46FA-B9E9-1286FC0F1DC0}
	EndGlobalSection
EndGlobal
